// !$*UTF8*$!
{
	archiveVersion = 1;
	classes = {
	};
	objectVersion = 51;
	objects = {

/* Begin PBXBuildFile section */
		1802FE3822A7668000F38F85 /* YogaFlexBoxKit.podspec in Resources */ = {isa = PBXBuildFile; fileRef = 1802FE3722A7668000F38F85 /* YogaFlexBoxKit.podspec */; };
		1802FE7E22A76D7F00F38F85 /* StackLayoutSpec.swift in Sources */ = {isa = PBXBuildFile; fileRef = 1802FE7A22A76D7F00F38F85 /* StackLayoutSpec.swift */; };
		1802FE7F22A76D7F00F38F85 /* ItemSpec.swift in Sources */ = {isa = PBXBuildFile; fileRef = 1802FE7B22A76D7F00F38F85 /* ItemSpec.swift */; };
		1802FE8022A76D7F00F38F85 /* GridLayoutSpec.swift in Sources */ = {isa = PBXBuildFile; fileRef = 1802FE7C22A76D7F00F38F85 /* GridLayoutSpec.swift */; };
		1802FE8122A76D7F00F38F85 /* MultipleItemsSpec.swift in Sources */ = {isa = PBXBuildFile; fileRef = 1802FE7D22A76D7F00F38F85 /* MultipleItemsSpec.swift */; };
		1802FE8522A76F9D00F38F85 /* YogaFlexBoxKit.swift in Sources */ = {isa = PBXBuildFile; fileRef = 1802FE8422A76F9D00F38F85 /* YogaFlexBoxKit.swift */; };
		1802FE8B22A771A700F38F85 /* Types.swift in Sources */ = {isa = PBXBuildFile; fileRef = 1802FE8A22A771A700F38F85 /* Types.swift */; };
		1802FE8D22A786AC00F38F85 /* UIView+OCLayout.swift in Sources */ = {isa = PBXBuildFile; fileRef = 1802FE8C22A786AC00F38F85 /* UIView+OCLayout.swift */; };
		1803E8F92293E40400F1DF77 /* AppDelegate.swift in Sources */ = {isa = PBXBuildFile; fileRef = 1803E8F82293E40400F1DF77 /* AppDelegate.swift */; };
		1803E8FB2293E40400F1DF77 /* CornerLayoutViewController.swift in Sources */ = {isa = PBXBuildFile; fileRef = 1803E8FA2293E40400F1DF77 /* CornerLayoutViewController.swift */; };
		1803E8FE2293E40400F1DF77 /* Main.storyboard in Resources */ = {isa = PBXBuildFile; fileRef = 1803E8FC2293E40400F1DF77 /* Main.storyboard */; };
		1803E9002293E40600F1DF77 /* Assets.xcassets in Resources */ = {isa = PBXBuildFile; fileRef = 1803E8FF2293E40600F1DF77 /* Assets.xcassets */; };
		1803E9032293E40600F1DF77 /* LaunchScreen.storyboard in Resources */ = {isa = PBXBuildFile; fileRef = 1803E9012293E40600F1DF77 /* LaunchScreen.storyboard */; };
		1803E90E2293E40600F1DF77 /* YogaFlexBoxKitTests.swift in Sources */ = {isa = PBXBuildFile; fileRef = 1803E90D2293E40600F1DF77 /* YogaFlexBoxKitTests.swift */; };
		1803E9192293E40600F1DF77 /* YogaFlexBoxKitUITests.swift in Sources */ = {isa = PBXBuildFile; fileRef = 1803E9182293E40600F1DF77 /* YogaFlexBoxKitUITests.swift */; };
		18054D4922A1373E002A0911 /* GridLayout.swift in Sources */ = {isa = PBXBuildFile; fileRef = 18054D4822A1373E002A0911 /* GridLayout.swift */; };
		18054D5022A155CD002A0911 /* PlaceholderLayout.swift in Sources */ = {isa = PBXBuildFile; fileRef = 18054D4F22A155CD002A0911 /* PlaceholderLayout.swift */; };
		1896C101229EBC7C00FAF641 /* Layoutable+Extension.swift in Sources */ = {isa = PBXBuildFile; fileRef = 1896C100229EBC7C00FAF641 /* Layoutable+Extension.swift */; };
		1896C105229EBEBF00FAF641 /* ActualLayout+UpdateFrame.swift in Sources */ = {isa = PBXBuildFile; fileRef = 1896C104229EBEBF00FAF641 /* ActualLayout+UpdateFrame.swift */; };
		18B08006229B76FE006E1FCB /* CornerLayoutTests.swift in Sources */ = {isa = PBXBuildFile; fileRef = 18B08004229B7626006E1FCB /* CornerLayoutTests.swift */; };
		18B08008229BD389006E1FCB /* ViewController.swift in Sources */ = {isa = PBXBuildFile; fileRef = 18B08007229BD389006E1FCB /* ViewController.swift */; };
		18B0800A229BD3F6006E1FCB /* CenterLayoutTests.swift in Sources */ = {isa = PBXBuildFile; fileRef = 18B08009229BD3F6006E1FCB /* CenterLayoutTests.swift */; };
		18B0800C229BD5D2006E1FCB /* CenterLayoutViewController.swift in Sources */ = {isa = PBXBuildFile; fileRef = 18B0800B229BD5D2006E1FCB /* CenterLayoutViewController.swift */; };
		18B0800E229BE382006E1FCB /* LayoutViewController.swift in Sources */ = {isa = PBXBuildFile; fileRef = 18B0800D229BE382006E1FCB /* LayoutViewController.swift */; };
		18FBA66022A4D12900BCE64C /* StackLayout.swift in Sources */ = {isa = PBXBuildFile; fileRef = 18FBA65F22A4D12900BCE64C /* StackLayout.swift */; };
		18FBA66622A5081E00BCE64C /* CGSize.swift in Sources */ = {isa = PBXBuildFile; fileRef = 18FBA66522A5081D00BCE64C /* CGSize.swift */; };
		18FBA66822A5083C00BCE64C /* CGRect.swift in Sources */ = {isa = PBXBuildFile; fileRef = 18FBA66722A5083C00BCE64C /* CGRect.swift */; };
		18FBA66A22A5085500BCE64C /* FloatingPoint.swift in Sources */ = {isa = PBXBuildFile; fileRef = 18FBA66922A5085500BCE64C /* FloatingPoint.swift */; };
		18FBA66C22A508A400BCE64C /* StackLayoutViewController.swift in Sources */ = {isa = PBXBuildFile; fileRef = 18FBA66B22A508A400BCE64C /* StackLayoutViewController.swift */; };
		18FBA66E22A5100B00BCE64C /* Layoutable.swift in Sources */ = {isa = PBXBuildFile; fileRef = 18FBA66D22A5100B00BCE64C /* Layoutable.swift */; };
		18FBA67022A5158300BCE64C /* ContainerLayout.swift in Sources */ = {isa = PBXBuildFile; fileRef = 18FBA66F22A5158300BCE64C /* ContainerLayout.swift */; };
		18FBA67222A5221F00BCE64C /* SingleLayoutable.swift in Sources */ = {isa = PBXBuildFile; fileRef = 18FBA67122A5221F00BCE64C /* SingleLayoutable.swift */; };
		18FBA67422A5259400BCE64C /* CenterLayout.swift in Sources */ = {isa = PBXBuildFile; fileRef = 18FBA67322A5259400BCE64C /* CenterLayout.swift */; };
		18FBA67622A5290C00BCE64C /* CornerLayout.swift in Sources */ = {isa = PBXBuildFile; fileRef = 18FBA67522A5290C00BCE64C /* CornerLayout.swift */; };
		18FBA67822A52A5C00BCE64C /* EdgeSingleLayoutable.swift in Sources */ = {isa = PBXBuildFile; fileRef = 18FBA67722A52A5C00BCE64C /* EdgeSingleLayoutable.swift */; };
		18FBA67B22A54F9100BCE64C /* CGPoint.swift in Sources */ = {isa = PBXBuildFile; fileRef = 18FBA67A22A54F9100BCE64C /* CGPoint.swift */; };
		18FCBE0222968C9400695868 /* LayoutNode+ApplyLayout.swift in Sources */ = {isa = PBXBuildFile; fileRef = 18FCBDF122968C9300695868 /* LayoutNode+ApplyLayout.swift */; };
		18FCBE0322968C9400695868 /* LayoutNode.swift in Sources */ = {isa = PBXBuildFile; fileRef = 18FCBDF222968C9300695868 /* LayoutNode.swift */; };
		18FCBE0522968C9400695868 /* Measure.swift in Sources */ = {isa = PBXBuildFile; fileRef = 18FCBDF422968C9300695868 /* Measure.swift */; };
		18FCBE0622968C9400695868 /* LayoutNode+Calculate.swift in Sources */ = {isa = PBXBuildFile; fileRef = 18FCBDF522968C9300695868 /* LayoutNode+Calculate.swift */; };
		18FCBE0722968C9400695868 /* LayoutNode+Style.m in Sources */ = {isa = PBXBuildFile; fileRef = 18FCBDF722968C9300695868 /* LayoutNode+Style.m */; };
		18FCBE0822968C9400695868 /* LayoutNode.m in Sources */ = {isa = PBXBuildFile; fileRef = 18FCBDF822968C9300695868 /* LayoutNode.m */; };
		18FCBE0922968C9400695868 /* Util.swift in Sources */ = {isa = PBXBuildFile; fileRef = 18FCBDFD22968C9400695868 /* Util.swift */; };
		18FCBE0A22968C9400695868 /* YGLayoutExtensions.swift in Sources */ = {isa = PBXBuildFile; fileRef = 18FCBDFE22968C9400695868 /* YGLayoutExtensions.swift */; };
		18FCBE0B22968C9400695868 /* YogaLayoutable.swift in Sources */ = {isa = PBXBuildFile; fileRef = 18FCBE0022968C9400695868 /* YogaLayoutable.swift */; };
		18FCBE1022968F3800695868 /* RenderLayout.swift in Sources */ = {isa = PBXBuildFile; fileRef = 18FCBE0F22968F3800695868 /* RenderLayout.swift */; };
		18FCBE12229691D200695868 /* VirtualLayout.swift in Sources */ = {isa = PBXBuildFile; fileRef = 18FCBE11229691D200695868 /* VirtualLayout.swift */; };
		18FDD555229F68FF00EC68A8 /* YogaLayoutable+Container.swift in Sources */ = {isa = PBXBuildFile; fileRef = 18FDD554229F68FF00EC68A8 /* YogaLayoutable+Container.swift */; };
		18FDD55B229FB08400EC68A8 /* Layoutable+CalculateLayout.swift in Sources */ = {isa = PBXBuildFile; fileRef = 18FDD55A229FB08400EC68A8 /* Layoutable+CalculateLayout.swift */; };
		18FF9D18229CC479003C5EA7 /* CenterVirtualLayout.swift in Sources */ = {isa = PBXBuildFile; fileRef = 18FF9D17229CC479003C5EA7 /* CenterVirtualLayout.swift */; };
		18FF9D1A229CC593003C5EA7 /* CornerVirtualLayout.swift in Sources */ = {isa = PBXBuildFile; fileRef = 18FF9D19229CC593003C5EA7 /* CornerVirtualLayout.swift */; };
		18FF9D45229D0B2F003C5EA7 /* UIView+Layout.swift in Sources */ = {isa = PBXBuildFile; fileRef = 18FF9D43229D0B2F003C5EA7 /* UIView+Layout.swift */; };
		18FF9D46229D0B2F003C5EA7 /* ActualLayout.swift in Sources */ = {isa = PBXBuildFile; fileRef = 18FF9D44229D0B2F003C5EA7 /* ActualLayout.swift */; };
		394BCA8780D9C2523303EFD2 /* Pods_YogaFlexBoxKit.framework in Frameworks */ = {isa = PBXBuildFile; fileRef = 9C26E8BF526D2AA11B6AEEA5 /* Pods_YogaFlexBoxKit.framework */; };
		E6A8654422A2749C002B8B10 /* LeafLayout.swift in Sources */ = {isa = PBXBuildFile; fileRef = E6A8654322A2749C002B8B10 /* LeafLayout.swift */; };
/* End PBXBuildFile section */

/* Begin PBXContainerItemProxy section */
		1803E90A2293E40600F1DF77 /* PBXContainerItemProxy */ = {
			isa = PBXContainerItemProxy;
			containerPortal = 1803E8ED2293E40400F1DF77 /* Project object */;
			proxyType = 1;
			remoteGlobalIDString = 1803E8F42293E40400F1DF77;
			remoteInfo = YogaFlexBoxKit;
		};
		1803E9152293E40600F1DF77 /* PBXContainerItemProxy */ = {
			isa = PBXContainerItemProxy;
			containerPortal = 1803E8ED2293E40400F1DF77 /* Project object */;
			proxyType = 1;
			remoteGlobalIDString = 1803E8F42293E40400F1DF77;
			remoteInfo = YogaFlexBoxKit;
		};
/* End PBXContainerItemProxy section */

/* Begin PBXFileReference section */
		1802FE3722A7668000F38F85 /* YogaFlexBoxKit.podspec */ = {isa = PBXFileReference; fileEncoding = 4; lastKnownFileType = text; path = YogaFlexBoxKit.podspec; sourceTree = "<group>"; };
		1802FE7722A76B3E00F38F85 /* YogaFlexBoxKit.h */ = {isa = PBXFileReference; lastKnownFileType = sourcecode.c.h; path = YogaFlexBoxKit.h; sourceTree = "<group>"; };
		1802FE7A22A76D7F00F38F85 /* StackLayoutSpec.swift */ = {isa = PBXFileReference; fileEncoding = 4; lastKnownFileType = sourcecode.swift; path = StackLayoutSpec.swift; sourceTree = "<group>"; };
		1802FE7B22A76D7F00F38F85 /* ItemSpec.swift */ = {isa = PBXFileReference; fileEncoding = 4; lastKnownFileType = sourcecode.swift; path = ItemSpec.swift; sourceTree = "<group>"; };
		1802FE7C22A76D7F00F38F85 /* GridLayoutSpec.swift */ = {isa = PBXFileReference; fileEncoding = 4; lastKnownFileType = sourcecode.swift; path = GridLayoutSpec.swift; sourceTree = "<group>"; };
		1802FE7D22A76D7F00F38F85 /* MultipleItemsSpec.swift */ = {isa = PBXFileReference; fileEncoding = 4; lastKnownFileType = sourcecode.swift; path = MultipleItemsSpec.swift; sourceTree = "<group>"; };
		1802FE8422A76F9D00F38F85 /* YogaFlexBoxKit.swift */ = {isa = PBXFileReference; lastKnownFileType = sourcecode.swift; path = YogaFlexBoxKit.swift; sourceTree = "<group>"; };
		1802FE8A22A771A700F38F85 /* Types.swift */ = {isa = PBXFileReference; lastKnownFileType = sourcecode.swift; path = Types.swift; sourceTree = "<group>"; };
		1802FE8C22A786AC00F38F85 /* UIView+OCLayout.swift */ = {isa = PBXFileReference; lastKnownFileType = sourcecode.swift; path = "UIView+OCLayout.swift"; sourceTree = "<group>"; };
		1803E8F52293E40400F1DF77 /* YogaFlexBoxKit.app */ = {isa = PBXFileReference; explicitFileType = wrapper.application; includeInIndex = 0; path = YogaFlexBoxKit.app; sourceTree = BUILT_PRODUCTS_DIR; };
		1803E8F82293E40400F1DF77 /* AppDelegate.swift */ = {isa = PBXFileReference; lastKnownFileType = sourcecode.swift; path = AppDelegate.swift; sourceTree = "<group>"; };
		1803E8FA2293E40400F1DF77 /* CornerLayoutViewController.swift */ = {isa = PBXFileReference; lastKnownFileType = sourcecode.swift; path = CornerLayoutViewController.swift; sourceTree = "<group>"; };
		1803E8FD2293E40400F1DF77 /* Base */ = {isa = PBXFileReference; lastKnownFileType = file.storyboard; name = Base; path = Base.lproj/Main.storyboard; sourceTree = "<group>"; };
		1803E8FF2293E40600F1DF77 /* Assets.xcassets */ = {isa = PBXFileReference; lastKnownFileType = folder.assetcatalog; path = Assets.xcassets; sourceTree = "<group>"; };
		1803E9022293E40600F1DF77 /* Base */ = {isa = PBXFileReference; lastKnownFileType = file.storyboard; name = Base; path = Base.lproj/LaunchScreen.storyboard; sourceTree = "<group>"; };
		1803E9042293E40600F1DF77 /* Info.plist */ = {isa = PBXFileReference; lastKnownFileType = text.plist.xml; path = Info.plist; sourceTree = "<group>"; };
		1803E9092293E40600F1DF77 /* YogaFlexBoxKitTests.xctest */ = {isa = PBXFileReference; explicitFileType = wrapper.cfbundle; includeInIndex = 0; path = YogaFlexBoxKitTests.xctest; sourceTree = BUILT_PRODUCTS_DIR; };
		1803E90D2293E40600F1DF77 /* YogaFlexBoxKitTests.swift */ = {isa = PBXFileReference; lastKnownFileType = sourcecode.swift; path = YogaFlexBoxKitTests.swift; sourceTree = "<group>"; };
		1803E90F2293E40600F1DF77 /* Info.plist */ = {isa = PBXFileReference; lastKnownFileType = text.plist.xml; path = Info.plist; sourceTree = "<group>"; };
		1803E9142293E40600F1DF77 /* YogaFlexBoxKitUITests.xctest */ = {isa = PBXFileReference; explicitFileType = wrapper.cfbundle; includeInIndex = 0; path = YogaFlexBoxKitUITests.xctest; sourceTree = BUILT_PRODUCTS_DIR; };
		1803E9182293E40600F1DF77 /* YogaFlexBoxKitUITests.swift */ = {isa = PBXFileReference; lastKnownFileType = sourcecode.swift; path = YogaFlexBoxKitUITests.swift; sourceTree = "<group>"; };
		1803E91A2293E40600F1DF77 /* Info.plist */ = {isa = PBXFileReference; lastKnownFileType = text.plist.xml; path = Info.plist; sourceTree = "<group>"; };
		1803E9292293E51100F1DF77 /* YogaFlexBoxKit-Bridging-Header.h */ = {isa = PBXFileReference; lastKnownFileType = sourcecode.c.h; path = "YogaFlexBoxKit-Bridging-Header.h"; sourceTree = "<group>"; };
		18054D4822A1373E002A0911 /* GridLayout.swift */ = {isa = PBXFileReference; lastKnownFileType = sourcecode.swift; path = GridLayout.swift; sourceTree = "<group>"; };
		18054D4F22A155CD002A0911 /* PlaceholderLayout.swift */ = {isa = PBXFileReference; lastKnownFileType = sourcecode.swift; path = PlaceholderLayout.swift; sourceTree = "<group>"; };
		1896C100229EBC7C00FAF641 /* Layoutable+Extension.swift */ = {isa = PBXFileReference; lastKnownFileType = sourcecode.swift; path = "Layoutable+Extension.swift"; sourceTree = "<group>"; };
		1896C104229EBEBF00FAF641 /* ActualLayout+UpdateFrame.swift */ = {isa = PBXFileReference; lastKnownFileType = sourcecode.swift; path = "ActualLayout+UpdateFrame.swift"; sourceTree = "<group>"; };
		18B08004229B7626006E1FCB /* CornerLayoutTests.swift */ = {isa = PBXFileReference; lastKnownFileType = sourcecode.swift; path = CornerLayoutTests.swift; sourceTree = "<group>"; };
		18B08007229BD389006E1FCB /* ViewController.swift */ = {isa = PBXFileReference; lastKnownFileType = sourcecode.swift; path = ViewController.swift; sourceTree = "<group>"; };
		18B08009229BD3F6006E1FCB /* CenterLayoutTests.swift */ = {isa = PBXFileReference; lastKnownFileType = sourcecode.swift; path = CenterLayoutTests.swift; sourceTree = "<group>"; };
		18B0800B229BD5D2006E1FCB /* CenterLayoutViewController.swift */ = {isa = PBXFileReference; lastKnownFileType = sourcecode.swift; path = CenterLayoutViewController.swift; sourceTree = "<group>"; };
		18B0800D229BE382006E1FCB /* LayoutViewController.swift */ = {isa = PBXFileReference; lastKnownFileType = sourcecode.swift; path = LayoutViewController.swift; sourceTree = "<group>"; };
		18FBA65F22A4D12900BCE64C /* StackLayout.swift */ = {isa = PBXFileReference; lastKnownFileType = sourcecode.swift; path = StackLayout.swift; sourceTree = "<group>"; };
		18FBA66522A5081D00BCE64C /* CGSize.swift */ = {isa = PBXFileReference; lastKnownFileType = sourcecode.swift; path = CGSize.swift; sourceTree = "<group>"; };
		18FBA66722A5083C00BCE64C /* CGRect.swift */ = {isa = PBXFileReference; lastKnownFileType = sourcecode.swift; path = CGRect.swift; sourceTree = "<group>"; };
		18FBA66922A5085500BCE64C /* FloatingPoint.swift */ = {isa = PBXFileReference; lastKnownFileType = sourcecode.swift; path = FloatingPoint.swift; sourceTree = "<group>"; };
		18FBA66B22A508A400BCE64C /* StackLayoutViewController.swift */ = {isa = PBXFileReference; lastKnownFileType = sourcecode.swift; path = StackLayoutViewController.swift; sourceTree = "<group>"; };
		18FBA66D22A5100B00BCE64C /* Layoutable.swift */ = {isa = PBXFileReference; lastKnownFileType = sourcecode.swift; path = Layoutable.swift; sourceTree = "<group>"; };
		18FBA66F22A5158300BCE64C /* ContainerLayout.swift */ = {isa = PBXFileReference; lastKnownFileType = sourcecode.swift; path = ContainerLayout.swift; sourceTree = "<group>"; };
		18FBA67122A5221F00BCE64C /* SingleLayoutable.swift */ = {isa = PBXFileReference; lastKnownFileType = sourcecode.swift; path = SingleLayoutable.swift; sourceTree = "<group>"; };
		18FBA67322A5259400BCE64C /* CenterLayout.swift */ = {isa = PBXFileReference; lastKnownFileType = sourcecode.swift; path = CenterLayout.swift; sourceTree = "<group>"; };
		18FBA67522A5290C00BCE64C /* CornerLayout.swift */ = {isa = PBXFileReference; lastKnownFileType = sourcecode.swift; path = CornerLayout.swift; sourceTree = "<group>"; };
		18FBA67722A52A5C00BCE64C /* EdgeSingleLayoutable.swift */ = {isa = PBXFileReference; lastKnownFileType = sourcecode.swift; path = EdgeSingleLayoutable.swift; sourceTree = "<group>"; };
		18FBA67A22A54F9100BCE64C /* CGPoint.swift */ = {isa = PBXFileReference; lastKnownFileType = sourcecode.swift; path = CGPoint.swift; sourceTree = "<group>"; };
		18FCBDF122968C9300695868 /* LayoutNode+ApplyLayout.swift */ = {isa = PBXFileReference; fileEncoding = 4; lastKnownFileType = sourcecode.swift; path = "LayoutNode+ApplyLayout.swift"; sourceTree = "<group>"; };
		18FCBDF222968C9300695868 /* LayoutNode.swift */ = {isa = PBXFileReference; fileEncoding = 4; lastKnownFileType = sourcecode.swift; path = LayoutNode.swift; sourceTree = "<group>"; };
		18FCBDF422968C9300695868 /* Measure.swift */ = {isa = PBXFileReference; fileEncoding = 4; lastKnownFileType = sourcecode.swift; path = Measure.swift; sourceTree = "<group>"; };
		18FCBDF522968C9300695868 /* LayoutNode+Calculate.swift */ = {isa = PBXFileReference; fileEncoding = 4; lastKnownFileType = sourcecode.swift; path = "LayoutNode+Calculate.swift"; sourceTree = "<group>"; };
		18FCBDF722968C9300695868 /* LayoutNode+Style.m */ = {isa = PBXFileReference; fileEncoding = 4; lastKnownFileType = sourcecode.c.objc; path = "LayoutNode+Style.m"; sourceTree = "<group>"; };
		18FCBDF822968C9300695868 /* LayoutNode.m */ = {isa = PBXFileReference; fileEncoding = 4; lastKnownFileType = sourcecode.c.objc; path = LayoutNode.m; sourceTree = "<group>"; };
		18FCBDF922968C9300695868 /* LayoutNode.h */ = {isa = PBXFileReference; fileEncoding = 4; lastKnownFileType = sourcecode.c.h; path = LayoutNode.h; sourceTree = "<group>"; };
		18FCBDFA22968C9300695868 /* LayoutNode+Style.h */ = {isa = PBXFileReference; fileEncoding = 4; lastKnownFileType = sourcecode.c.h; path = "LayoutNode+Style.h"; sourceTree = "<group>"; };
		18FCBDFB22968C9400695868 /* Marco.h */ = {isa = PBXFileReference; fileEncoding = 4; lastKnownFileType = sourcecode.c.h; path = Marco.h; sourceTree = "<group>"; };
		18FCBDFD22968C9400695868 /* Util.swift */ = {isa = PBXFileReference; fileEncoding = 4; lastKnownFileType = sourcecode.swift; path = Util.swift; sourceTree = "<group>"; };
		18FCBDFE22968C9400695868 /* YGLayoutExtensions.swift */ = {isa = PBXFileReference; fileEncoding = 4; lastKnownFileType = sourcecode.swift; path = YGLayoutExtensions.swift; sourceTree = "<group>"; };
		18FCBE0022968C9400695868 /* YogaLayoutable.swift */ = {isa = PBXFileReference; fileEncoding = 4; lastKnownFileType = sourcecode.swift; path = YogaLayoutable.swift; sourceTree = "<group>"; };
		18FCBE0F22968F3800695868 /* RenderLayout.swift */ = {isa = PBXFileReference; lastKnownFileType = sourcecode.swift; path = RenderLayout.swift; sourceTree = "<group>"; };
		18FCBE11229691D200695868 /* VirtualLayout.swift */ = {isa = PBXFileReference; lastKnownFileType = sourcecode.swift; path = VirtualLayout.swift; sourceTree = "<group>"; };
		18FDD554229F68FF00EC68A8 /* YogaLayoutable+Container.swift */ = {isa = PBXFileReference; lastKnownFileType = sourcecode.swift; path = "YogaLayoutable+Container.swift"; sourceTree = "<group>"; };
		18FDD55A229FB08400EC68A8 /* Layoutable+CalculateLayout.swift */ = {isa = PBXFileReference; fileEncoding = 4; lastKnownFileType = sourcecode.swift; path = "Layoutable+CalculateLayout.swift"; sourceTree = "<group>"; };
		18FF9D17229CC479003C5EA7 /* CenterVirtualLayout.swift */ = {isa = PBXFileReference; lastKnownFileType = sourcecode.swift; path = CenterVirtualLayout.swift; sourceTree = "<group>"; };
		18FF9D19229CC593003C5EA7 /* CornerVirtualLayout.swift */ = {isa = PBXFileReference; lastKnownFileType = sourcecode.swift; path = CornerVirtualLayout.swift; sourceTree = "<group>"; };
		18FF9D43229D0B2F003C5EA7 /* UIView+Layout.swift */ = {isa = PBXFileReference; fileEncoding = 4; lastKnownFileType = sourcecode.swift; path = "UIView+Layout.swift"; sourceTree = "<group>"; };
		18FF9D44229D0B2F003C5EA7 /* ActualLayout.swift */ = {isa = PBXFileReference; fileEncoding = 4; lastKnownFileType = sourcecode.swift; path = ActualLayout.swift; sourceTree = "<group>"; };
		7BC0276049A549EAC5E0AF0A /* Pods-YogaFlexBoxKit.debug.xcconfig */ = {isa = PBXFileReference; includeInIndex = 1; lastKnownFileType = text.xcconfig; name = "Pods-YogaFlexBoxKit.debug.xcconfig"; path = "Target Support Files/Pods-YogaFlexBoxKit/Pods-YogaFlexBoxKit.debug.xcconfig"; sourceTree = "<group>"; };
		9C26E8BF526D2AA11B6AEEA5 /* Pods_YogaFlexBoxKit.framework */ = {isa = PBXFileReference; explicitFileType = wrapper.framework; includeInIndex = 0; path = Pods_YogaFlexBoxKit.framework; sourceTree = BUILT_PRODUCTS_DIR; };
		E6A8654322A2749C002B8B10 /* LeafLayout.swift */ = {isa = PBXFileReference; lastKnownFileType = sourcecode.swift; path = LeafLayout.swift; sourceTree = "<group>"; };
		EDA01FF3F1DF0535FA910D31 /* Pods-YogaFlexBoxKit.release.xcconfig */ = {isa = PBXFileReference; includeInIndex = 1; lastKnownFileType = text.xcconfig; name = "Pods-YogaFlexBoxKit.release.xcconfig"; path = "Target Support Files/Pods-YogaFlexBoxKit/Pods-YogaFlexBoxKit.release.xcconfig"; sourceTree = "<group>"; };
/* End PBXFileReference section */

/* Begin PBXFrameworksBuildPhase section */
		1803E8F22293E40400F1DF77 /* Frameworks */ = {
			isa = PBXFrameworksBuildPhase;
			buildActionMask = 2147483647;
			files = (
				394BCA8780D9C2523303EFD2 /* Pods_YogaFlexBoxKit.framework in Frameworks */,
			);
			runOnlyForDeploymentPostprocessing = 0;
		};
		1803E9062293E40600F1DF77 /* Frameworks */ = {
			isa = PBXFrameworksBuildPhase;
			buildActionMask = 2147483647;
			files = (
			);
			runOnlyForDeploymentPostprocessing = 0;
		};
		1803E9112293E40600F1DF77 /* Frameworks */ = {
			isa = PBXFrameworksBuildPhase;
			buildActionMask = 2147483647;
			files = (
			);
			runOnlyForDeploymentPostprocessing = 0;
		};
/* End PBXFrameworksBuildPhase section */

/* Begin PBXGroup section */
		1802FE7922A76D7F00F38F85 /* Spec */ = {
			isa = PBXGroup;
			children = (
				1802FE7B22A76D7F00F38F85 /* ItemSpec.swift */,
				1802FE7D22A76D7F00F38F85 /* MultipleItemsSpec.swift */,
				1802FE7A22A76D7F00F38F85 /* StackLayoutSpec.swift */,
				1802FE7C22A76D7F00F38F85 /* GridLayoutSpec.swift */,
			);
			path = Spec;
			sourceTree = "<group>";
		};
		1802FE8322A76F7000F38F85 /* ObjectiveC */ = {
			isa = PBXGroup;
			children = (
				1802FE8C22A786AC00F38F85 /* UIView+OCLayout.swift */,
			);
			path = ObjectiveC;
			sourceTree = "<group>";
		};
		1803E8EC2293E40400F1DF77 = {
			isa = PBXGroup;
			children = (
				1802FE3722A7668000F38F85 /* YogaFlexBoxKit.podspec */,
				18FBA67922A52E8500BCE64C /* 废弃 */,
				1802FE8322A76F7000F38F85 /* ObjectiveC */,
				18FCBDEF22968C9300695868 /* Sources */,
				1803E8F72293E40400F1DF77 /* YogaFlexBoxKit */,
				1803E90C2293E40600F1DF77 /* YogaFlexBoxKitTests */,
				1803E9172293E40600F1DF77 /* YogaFlexBoxKitUITests */,
				1803E8F62293E40400F1DF77 /* Products */,
				CAC018A947B3D66FE0E0FF4D /* Pods */,
				25BDD72CE60C39654C1A4E2B /* Frameworks */,
			);
			sourceTree = "<group>";
		};
		1803E8F62293E40400F1DF77 /* Products */ = {
			isa = PBXGroup;
			children = (
				1803E8F52293E40400F1DF77 /* YogaFlexBoxKit.app */,
				1803E9092293E40600F1DF77 /* YogaFlexBoxKitTests.xctest */,
				1803E9142293E40600F1DF77 /* YogaFlexBoxKitUITests.xctest */,
			);
			name = Products;
			sourceTree = "<group>";
		};
		1803E8F72293E40400F1DF77 /* YogaFlexBoxKit */ = {
			isa = PBXGroup;
			children = (
				1803E8F82293E40400F1DF77 /* AppDelegate.swift */,
				18B08007229BD389006E1FCB /* ViewController.swift */,
				18B0800D229BE382006E1FCB /* LayoutViewController.swift */,
				18B0800B229BD5D2006E1FCB /* CenterLayoutViewController.swift */,
				1803E8FA2293E40400F1DF77 /* CornerLayoutViewController.swift */,
				18FBA66B22A508A400BCE64C /* StackLayoutViewController.swift */,
				1803E8FC2293E40400F1DF77 /* Main.storyboard */,
				1803E8FF2293E40600F1DF77 /* Assets.xcassets */,
				1803E9012293E40600F1DF77 /* LaunchScreen.storyboard */,
				1803E9292293E51100F1DF77 /* YogaFlexBoxKit-Bridging-Header.h */,
				1803E9042293E40600F1DF77 /* Info.plist */,
			);
			path = YogaFlexBoxKit;
			sourceTree = "<group>";
		};
		1803E90C2293E40600F1DF77 /* YogaFlexBoxKitTests */ = {
			isa = PBXGroup;
			children = (
				1803E90D2293E40600F1DF77 /* YogaFlexBoxKitTests.swift */,
				18B08004229B7626006E1FCB /* CornerLayoutTests.swift */,
				18B08009229BD3F6006E1FCB /* CenterLayoutTests.swift */,
				1803E90F2293E40600F1DF77 /* Info.plist */,
			);
			path = YogaFlexBoxKitTests;
			sourceTree = "<group>";
		};
		1803E9172293E40600F1DF77 /* YogaFlexBoxKitUITests */ = {
			isa = PBXGroup;
			children = (
				1803E9182293E40600F1DF77 /* YogaFlexBoxKitUITests.swift */,
				1803E91A2293E40600F1DF77 /* Info.plist */,
			);
			path = YogaFlexBoxKitUITests;
			sourceTree = "<group>";
		};
		18054D4722A1371C002A0911 /* Layouts */ = {
			isa = PBXGroup;
			children = (
				1802FE7922A76D7F00F38F85 /* Spec */,
				E6A8654322A2749C002B8B10 /* LeafLayout.swift */,
				1802FE8A22A771A700F38F85 /* Types.swift */,
				18FBA65F22A4D12900BCE64C /* StackLayout.swift */,
				18054D4822A1373E002A0911 /* GridLayout.swift */,
				18054D4F22A155CD002A0911 /* PlaceholderLayout.swift */,
			);
			path = Layouts;
			sourceTree = "<group>";
		};
		18FBA67922A52E8500BCE64C /* 废弃 */ = {
			isa = PBXGroup;
			children = (
				18FBA67722A52A5C00BCE64C /* EdgeSingleLayoutable.swift */,
				18FBA67522A5290C00BCE64C /* CornerLayout.swift */,
				18FBA67322A5259400BCE64C /* CenterLayout.swift */,
			);
			path = "废弃";
			sourceTree = "<group>";
		};
		18FCBDEF22968C9300695868 /* Sources */ = {
			isa = PBXGroup;
			children = (
				1802FE7722A76B3E00F38F85 /* YogaFlexBoxKit.h */,
				1802FE8422A76F9D00F38F85 /* YogaFlexBoxKit.swift */,
				18FCBDF622968C9300695868 /* Core */,
				18FCBDFC22968C9400695868 /* Util */,
				18FCBDF022968C9300695868 /* LayoutNode */,
				18FCBDFF22968C9400695868 /* Layout */,
			);
			path = Sources;
			sourceTree = "<group>";
		};
		18FCBDF022968C9300695868 /* LayoutNode */ = {
			isa = PBXGroup;
			children = (
				18FCBDF122968C9300695868 /* LayoutNode+ApplyLayout.swift */,
				18FCBDF522968C9300695868 /* LayoutNode+Calculate.swift */,
				18FCBDF222968C9300695868 /* LayoutNode.swift */,
				18FCBDF422968C9300695868 /* Measure.swift */,
			);
			path = LayoutNode;
			sourceTree = "<group>";
		};
		18FCBDF622968C9300695868 /* Core */ = {
			isa = PBXGroup;
			children = (
				18FCBDF722968C9300695868 /* LayoutNode+Style.m */,
				18FCBDF822968C9300695868 /* LayoutNode.m */,
				18FCBDF922968C9300695868 /* LayoutNode.h */,
				18FCBDFA22968C9300695868 /* LayoutNode+Style.h */,
				18FCBDFB22968C9400695868 /* Marco.h */,
			);
			path = Core;
			sourceTree = "<group>";
		};
		18FCBDFC22968C9400695868 /* Util */ = {
			isa = PBXGroup;
			children = (
				18FCBDFD22968C9400695868 /* Util.swift */,
				18FBA66922A5085500BCE64C /* FloatingPoint.swift */,
				18FBA67A22A54F9100BCE64C /* CGPoint.swift */,
				18FBA66522A5081D00BCE64C /* CGSize.swift */,
				18FBA66722A5083C00BCE64C /* CGRect.swift */,
				18FCBDFE22968C9400695868 /* YGLayoutExtensions.swift */,
			);
			path = Util;
			sourceTree = "<group>";
		};
		18FCBDFF22968C9400695868 /* Layout */ = {
			isa = PBXGroup;
			children = (
				18FDD553229F654D00EC68A8 /* Layoutable */,
				18FF9D42229D0B2F003C5EA7 /* ActualLayout */,
				18FF9D16229CC461003C5EA7 /* SingleLayout */,
				18054D4722A1371C002A0911 /* Layouts */,
			);
			path = Layout;
			sourceTree = "<group>";
		};
		18FDD553229F654D00EC68A8 /* Layoutable */ = {
			isa = PBXGroup;
			children = (
				18FCBE0F22968F3800695868 /* RenderLayout.swift */,
				18FBA66D22A5100B00BCE64C /* Layoutable.swift */,
				18FDD55A229FB08400EC68A8 /* Layoutable+CalculateLayout.swift */,
				1896C100229EBC7C00FAF641 /* Layoutable+Extension.swift */,
				18FCBE0022968C9400695868 /* YogaLayoutable.swift */,
				18FDD554229F68FF00EC68A8 /* YogaLayoutable+Container.swift */,
			);
			path = Layoutable;
			sourceTree = "<group>";
		};
		18FF9D16229CC461003C5EA7 /* SingleLayout */ = {
			isa = PBXGroup;
			children = (
				18FBA67122A5221F00BCE64C /* SingleLayoutable.swift */,
				18FBA66F22A5158300BCE64C /* ContainerLayout.swift */,
				18FCBE11229691D200695868 /* VirtualLayout.swift */,
				18FF9D17229CC479003C5EA7 /* CenterVirtualLayout.swift */,
				18FF9D19229CC593003C5EA7 /* CornerVirtualLayout.swift */,
			);
			path = SingleLayout;
			sourceTree = "<group>";
		};
		18FF9D42229D0B2F003C5EA7 /* ActualLayout */ = {
			isa = PBXGroup;
			children = (
				18FF9D44229D0B2F003C5EA7 /* ActualLayout.swift */,
				1896C104229EBEBF00FAF641 /* ActualLayout+UpdateFrame.swift */,
				18FF9D43229D0B2F003C5EA7 /* UIView+Layout.swift */,
			);
			path = ActualLayout;
			sourceTree = "<group>";
		};
		25BDD72CE60C39654C1A4E2B /* Frameworks */ = {
			isa = PBXGroup;
			children = (
				9C26E8BF526D2AA11B6AEEA5 /* Pods_YogaFlexBoxKit.framework */,
			);
			name = Frameworks;
			sourceTree = "<group>";
		};
		CAC018A947B3D66FE0E0FF4D /* Pods */ = {
			isa = PBXGroup;
			children = (
				7BC0276049A549EAC5E0AF0A /* Pods-YogaFlexBoxKit.debug.xcconfig */,
				EDA01FF3F1DF0535FA910D31 /* Pods-YogaFlexBoxKit.release.xcconfig */,
			);
			path = Pods;
			sourceTree = "<group>";
		};
/* End PBXGroup section */

/* Begin PBXNativeTarget section */
		1803E8F42293E40400F1DF77 /* YogaFlexBoxKit */ = {
			isa = PBXNativeTarget;
			buildConfigurationList = 1803E91D2293E40600F1DF77 /* Build configuration list for PBXNativeTarget "YogaFlexBoxKit" */;
			buildPhases = (
				5D884ABAF35009FB63DA95D4 /* [CP] Check Pods Manifest.lock */,
				1803E8F12293E40400F1DF77 /* Sources */,
				1803E8F22293E40400F1DF77 /* Frameworks */,
				1803E8F32293E40400F1DF77 /* Resources */,
				28E013E40547725832AEA192 /* [CP] Embed Pods Frameworks */,
			);
			buildRules = (
			);
			dependencies = (
			);
			name = YogaFlexBoxKit;
			productName = YogaFlexBoxKit;
			productReference = 1803E8F52293E40400F1DF77 /* YogaFlexBoxKit.app */;
			productType = "com.apple.product-type.application";
		};
		1803E9082293E40600F1DF77 /* YogaFlexBoxKitTests */ = {
			isa = PBXNativeTarget;
			buildConfigurationList = 1803E9202293E40600F1DF77 /* Build configuration list for PBXNativeTarget "YogaFlexBoxKitTests" */;
			buildPhases = (
				1803E9052293E40600F1DF77 /* Sources */,
				1803E9062293E40600F1DF77 /* Frameworks */,
				1803E9072293E40600F1DF77 /* Resources */,
			);
			buildRules = (
			);
			dependencies = (
				1803E90B2293E40600F1DF77 /* PBXTargetDependency */,
			);
			name = YogaFlexBoxKitTests;
			productName = YogaFlexBoxKitTests;
			productReference = 1803E9092293E40600F1DF77 /* YogaFlexBoxKitTests.xctest */;
			productType = "com.apple.product-type.bundle.unit-test";
		};
		1803E9132293E40600F1DF77 /* YogaFlexBoxKitUITests */ = {
			isa = PBXNativeTarget;
			buildConfigurationList = 1803E9232293E40600F1DF77 /* Build configuration list for PBXNativeTarget "YogaFlexBoxKitUITests" */;
			buildPhases = (
				1803E9102293E40600F1DF77 /* Sources */,
				1803E9112293E40600F1DF77 /* Frameworks */,
				1803E9122293E40600F1DF77 /* Resources */,
			);
			buildRules = (
			);
			dependencies = (
				1803E9162293E40600F1DF77 /* PBXTargetDependency */,
			);
			name = YogaFlexBoxKitUITests;
			productName = YogaFlexBoxKitUITests;
			productReference = 1803E9142293E40600F1DF77 /* YogaFlexBoxKitUITests.xctest */;
			productType = "com.apple.product-type.bundle.ui-testing";
		};
/* End PBXNativeTarget section */

/* Begin PBXProject section */
		1803E8ED2293E40400F1DF77 /* Project object */ = {
			isa = PBXProject;
			attributes = {
				LastSwiftUpdateCheck = 1020;
				LastUpgradeCheck = 1020;
				ORGANIZATIONNAME = zjade;
				TargetAttributes = {
					1803E8F42293E40400F1DF77 = {
						CreatedOnToolsVersion = 10.2.1;
						LastSwiftMigration = 1020;
					};
					1803E9082293E40600F1DF77 = {
						CreatedOnToolsVersion = 10.2.1;
						TestTargetID = 1803E8F42293E40400F1DF77;
					};
					1803E9132293E40600F1DF77 = {
						CreatedOnToolsVersion = 10.2.1;
						TestTargetID = 1803E8F42293E40400F1DF77;
					};
				};
			};
			buildConfigurationList = 1803E8F02293E40400F1DF77 /* Build configuration list for PBXProject "YogaFlexBoxKit" */;
			compatibilityVersion = "Xcode 9.3";
			developmentRegion = en;
			hasScannedForEncodings = 0;
			knownRegions = (
				en,
				Base,
			);
			mainGroup = 1803E8EC2293E40400F1DF77;
			productRefGroup = 1803E8F62293E40400F1DF77 /* Products */;
			projectDirPath = "";
			projectRoot = "";
			targets = (
				1803E8F42293E40400F1DF77 /* YogaFlexBoxKit */,
				1803E9082293E40600F1DF77 /* YogaFlexBoxKitTests */,
				1803E9132293E40600F1DF77 /* YogaFlexBoxKitUITests */,
			);
		};
/* End PBXProject section */

/* Begin PBXResourcesBuildPhase section */
		1803E8F32293E40400F1DF77 /* Resources */ = {
			isa = PBXResourcesBuildPhase;
			buildActionMask = 2147483647;
			files = (
				1803E9032293E40600F1DF77 /* LaunchScreen.storyboard in Resources */,
				1803E9002293E40600F1DF77 /* Assets.xcassets in Resources */,
				1802FE3822A7668000F38F85 /* YogaFlexBoxKit.podspec in Resources */,
				1803E8FE2293E40400F1DF77 /* Main.storyboard in Resources */,
			);
			runOnlyForDeploymentPostprocessing = 0;
		};
		1803E9072293E40600F1DF77 /* Resources */ = {
			isa = PBXResourcesBuildPhase;
			buildActionMask = 2147483647;
			files = (
			);
			runOnlyForDeploymentPostprocessing = 0;
		};
		1803E9122293E40600F1DF77 /* Resources */ = {
			isa = PBXResourcesBuildPhase;
			buildActionMask = 2147483647;
			files = (
			);
			runOnlyForDeploymentPostprocessing = 0;
		};
/* End PBXResourcesBuildPhase section */

/* Begin PBXShellScriptBuildPhase section */
		28E013E40547725832AEA192 /* [CP] Embed Pods Frameworks */ = {
			isa = PBXShellScriptBuildPhase;
			buildActionMask = 2147483647;
			files = (
			);
			inputFileListPaths = (
				"${PODS_ROOT}/Target Support Files/Pods-YogaFlexBoxKit/Pods-YogaFlexBoxKit-frameworks-${CONFIGURATION}-input-files.xcfilelist",
			);
			name = "[CP] Embed Pods Frameworks";
			outputFileListPaths = (
				"${PODS_ROOT}/Target Support Files/Pods-YogaFlexBoxKit/Pods-YogaFlexBoxKit-frameworks-${CONFIGURATION}-output-files.xcfilelist",
			);
			runOnlyForDeploymentPostprocessing = 0;
			shellPath = /bin/sh;
			shellScript = "\"${PODS_ROOT}/Target Support Files/Pods-YogaFlexBoxKit/Pods-YogaFlexBoxKit-frameworks.sh\"\n";
			showEnvVarsInLog = 0;
		};
		5D884ABAF35009FB63DA95D4 /* [CP] Check Pods Manifest.lock */ = {
			isa = PBXShellScriptBuildPhase;
			buildActionMask = 2147483647;
			files = (
			);
			inputFileListPaths = (
			);
			inputPaths = (
				"${PODS_PODFILE_DIR_PATH}/Podfile.lock",
				"${PODS_ROOT}/Manifest.lock",
			);
			name = "[CP] Check Pods Manifest.lock";
			outputFileListPaths = (
			);
			outputPaths = (
				"$(DERIVED_FILE_DIR)/Pods-YogaFlexBoxKit-checkManifestLockResult.txt",
			);
			runOnlyForDeploymentPostprocessing = 0;
			shellPath = /bin/sh;
			shellScript = "diff \"${PODS_PODFILE_DIR_PATH}/Podfile.lock\" \"${PODS_ROOT}/Manifest.lock\" > /dev/null\nif [ $? != 0 ] ; then\n    # print error to STDERR\n    echo \"error: The sandbox is not in sync with the Podfile.lock. Run 'pod install' or update your CocoaPods installation.\" >&2\n    exit 1\nfi\n# This output is used by Xcode 'outputs' to avoid re-running this script phase.\necho \"SUCCESS\" > \"${SCRIPT_OUTPUT_FILE_0}\"\n";
			showEnvVarsInLog = 0;
		};
/* End PBXShellScriptBuildPhase section */

/* Begin PBXSourcesBuildPhase section */
		1803E8F12293E40400F1DF77 /* Sources */ = {
			isa = PBXSourcesBuildPhase;
			buildActionMask = 2147483647;
			files = (
				18FBA67422A5259400BCE64C /* CenterLayout.swift in Sources */,
				18FBA67822A52A5C00BCE64C /* EdgeSingleLayoutable.swift in Sources */,
				18FCBE0222968C9400695868 /* LayoutNode+ApplyLayout.swift in Sources */,
				1802FE8D22A786AC00F38F85 /* UIView+OCLayout.swift in Sources */,
				18FBA66822A5083C00BCE64C /* CGRect.swift in Sources */,
				1803E8FB2293E40400F1DF77 /* CornerLayoutViewController.swift in Sources */,
				18FBA67622A5290C00BCE64C /* CornerLayout.swift in Sources */,
				18FCBE0522968C9400695868 /* Measure.swift in Sources */,
				1803E8F92293E40400F1DF77 /* AppDelegate.swift in Sources */,
				18FDD55B229FB08400EC68A8 /* Layoutable+CalculateLayout.swift in Sources */,
				18B0800E229BE382006E1FCB /* LayoutViewController.swift in Sources */,
				18FBA67B22A54F9100BCE64C /* CGPoint.swift in Sources */,
				18FDD555229F68FF00EC68A8 /* YogaLayoutable+Container.swift in Sources */,
				18FF9D46229D0B2F003C5EA7 /* ActualLayout.swift in Sources */,
				18FBA67222A5221F00BCE64C /* SingleLayoutable.swift in Sources */,
				18FBA66C22A508A400BCE64C /* StackLayoutViewController.swift in Sources */,
				18B0800C229BD5D2006E1FCB /* CenterLayoutViewController.swift in Sources */,
				18FCBE1022968F3800695868 /* RenderLayout.swift in Sources */,
				18FCBE0722968C9400695868 /* LayoutNode+Style.m in Sources */,
				18FBA66622A5081E00BCE64C /* CGSize.swift in Sources */,
				18FBA66A22A5085500BCE64C /* FloatingPoint.swift in Sources */,
				18FCBE0A22968C9400695868 /* YGLayoutExtensions.swift in Sources */,
				18FCBE0622968C9400695868 /* LayoutNode+Calculate.swift in Sources */,
				1802FE8122A76D7F00F38F85 /* MultipleItemsSpec.swift in Sources */,
				18054D5022A155CD002A0911 /* PlaceholderLayout.swift in Sources */,
				1802FE8522A76F9D00F38F85 /* YogaFlexBoxKit.swift in Sources */,
				1802FE8B22A771A700F38F85 /* Types.swift in Sources */,
				E6A8654422A2749C002B8B10 /* LeafLayout.swift in Sources */,
				18FBA67022A5158300BCE64C /* ContainerLayout.swift in Sources */,
				18FBA66E22A5100B00BCE64C /* Layoutable.swift in Sources */,
				18054D4922A1373E002A0911 /* GridLayout.swift in Sources */,
				18FCBE0922968C9400695868 /* Util.swift in Sources */,
				18FCBE0B22968C9400695868 /* YogaLayoutable.swift in Sources */,
				18FBA66022A4D12900BCE64C /* StackLayout.swift in Sources */,
				1896C105229EBEBF00FAF641 /* ActualLayout+UpdateFrame.swift in Sources */,
				18FCBE12229691D200695868 /* VirtualLayout.swift in Sources */,
				18FF9D18229CC479003C5EA7 /* CenterVirtualLayout.swift in Sources */,
				18FCBE0822968C9400695868 /* LayoutNode.m in Sources */,
				1802FE7F22A76D7F00F38F85 /* ItemSpec.swift in Sources */,
				1802FE8022A76D7F00F38F85 /* GridLayoutSpec.swift in Sources */,
				18B08008229BD389006E1FCB /* ViewController.swift in Sources */,
				18FF9D1A229CC593003C5EA7 /* CornerVirtualLayout.swift in Sources */,
				1896C101229EBC7C00FAF641 /* Layoutable+Extension.swift in Sources */,
				18FF9D45229D0B2F003C5EA7 /* UIView+Layout.swift in Sources */,
				1802FE7E22A76D7F00F38F85 /* StackLayoutSpec.swift in Sources */,
				18FCBE0322968C9400695868 /* LayoutNode.swift in Sources */,
			);
			runOnlyForDeploymentPostprocessing = 0;
		};
		1803E9052293E40600F1DF77 /* Sources */ = {
			isa = PBXSourcesBuildPhase;
			buildActionMask = 2147483647;
			files = (
				18B08006229B76FE006E1FCB /* CornerLayoutTests.swift in Sources */,
				1803E90E2293E40600F1DF77 /* YogaFlexBoxKitTests.swift in Sources */,
				18B0800A229BD3F6006E1FCB /* CenterLayoutTests.swift in Sources */,
			);
			runOnlyForDeploymentPostprocessing = 0;
		};
		1803E9102293E40600F1DF77 /* Sources */ = {
			isa = PBXSourcesBuildPhase;
			buildActionMask = 2147483647;
			files = (
				1803E9192293E40600F1DF77 /* YogaFlexBoxKitUITests.swift in Sources */,
			);
			runOnlyForDeploymentPostprocessing = 0;
		};
/* End PBXSourcesBuildPhase section */

/* Begin PBXTargetDependency section */
		1803E90B2293E40600F1DF77 /* PBXTargetDependency */ = {
			isa = PBXTargetDependency;
			target = 1803E8F42293E40400F1DF77 /* YogaFlexBoxKit */;
			targetProxy = 1803E90A2293E40600F1DF77 /* PBXContainerItemProxy */;
		};
		1803E9162293E40600F1DF77 /* PBXTargetDependency */ = {
			isa = PBXTargetDependency;
			target = 1803E8F42293E40400F1DF77 /* YogaFlexBoxKit */;
			targetProxy = 1803E9152293E40600F1DF77 /* PBXContainerItemProxy */;
		};
/* End PBXTargetDependency section */

/* Begin PBXVariantGroup section */
		1803E8FC2293E40400F1DF77 /* Main.storyboard */ = {
			isa = PBXVariantGroup;
			children = (
				1803E8FD2293E40400F1DF77 /* Base */,
			);
			name = Main.storyboard;
			sourceTree = "<group>";
		};
		1803E9012293E40600F1DF77 /* LaunchScreen.storyboard */ = {
			isa = PBXVariantGroup;
			children = (
				1803E9022293E40600F1DF77 /* Base */,
			);
			name = LaunchScreen.storyboard;
			sourceTree = "<group>";
		};
/* End PBXVariantGroup section */

/* Begin XCBuildConfiguration section */
		1803E91B2293E40600F1DF77 /* Debug */ = {
			isa = XCBuildConfiguration;
			buildSettings = {
				ALWAYS_SEARCH_USER_PATHS = NO;
				CLANG_ANALYZER_NONNULL = YES;
				CLANG_ANALYZER_NUMBER_OBJECT_CONVERSION = YES_AGGRESSIVE;
				CLANG_CXX_LANGUAGE_STANDARD = "gnu++14";
				CLANG_CXX_LIBRARY = "libc++";
				CLANG_ENABLE_MODULES = YES;
				CLANG_ENABLE_OBJC_ARC = YES;
				CLANG_ENABLE_OBJC_WEAK = YES;
				CLANG_WARN_BLOCK_CAPTURE_AUTORELEASING = YES;
				CLANG_WARN_BOOL_CONVERSION = YES;
				CLANG_WARN_COMMA = YES;
				CLANG_WARN_CONSTANT_CONVERSION = YES;
				CLANG_WARN_DEPRECATED_OBJC_IMPLEMENTATIONS = YES;
				CLANG_WARN_DIRECT_OBJC_ISA_USAGE = YES_ERROR;
				CLANG_WARN_DOCUMENTATION_COMMENTS = YES;
				CLANG_WARN_EMPTY_BODY = YES;
				CLANG_WARN_ENUM_CONVERSION = YES;
				CLANG_WARN_INFINITE_RECURSION = YES;
				CLANG_WARN_INT_CONVERSION = YES;
				CLANG_WARN_NON_LITERAL_NULL_CONVERSION = YES;
				CLANG_WARN_OBJC_IMPLICIT_RETAIN_SELF = YES;
				CLANG_WARN_OBJC_LITERAL_CONVERSION = YES;
				CLANG_WARN_OBJC_ROOT_CLASS = YES_ERROR;
				CLANG_WARN_RANGE_LOOP_ANALYSIS = YES;
				CLANG_WARN_STRICT_PROTOTYPES = YES;
				CLANG_WARN_SUSPICIOUS_MOVE = YES;
				CLANG_WARN_UNGUARDED_AVAILABILITY = YES_AGGRESSIVE;
				CLANG_WARN_UNREACHABLE_CODE = YES;
				CLANG_WARN__DUPLICATE_METHOD_MATCH = YES;
				CODE_SIGN_IDENTITY = "iPhone Developer";
				COPY_PHASE_STRIP = NO;
				DEBUG_INFORMATION_FORMAT = dwarf;
				ENABLE_STRICT_OBJC_MSGSEND = YES;
				ENABLE_TESTABILITY = YES;
				GCC_C_LANGUAGE_STANDARD = gnu11;
				GCC_DYNAMIC_NO_PIC = NO;
				GCC_NO_COMMON_BLOCKS = YES;
				GCC_OPTIMIZATION_LEVEL = 0;
				GCC_PREPROCESSOR_DEFINITIONS = (
					"DEBUG=1",
					"$(inherited)",
				);
				GCC_WARN_64_TO_32_BIT_CONVERSION = YES;
				GCC_WARN_ABOUT_RETURN_TYPE = YES_ERROR;
				GCC_WARN_UNDECLARED_SELECTOR = YES;
				GCC_WARN_UNINITIALIZED_AUTOS = YES_AGGRESSIVE;
				GCC_WARN_UNUSED_FUNCTION = YES;
				GCC_WARN_UNUSED_VARIABLE = YES;
				IPHONEOS_DEPLOYMENT_TARGET = 9.0;
				MTL_ENABLE_DEBUG_INFO = INCLUDE_SOURCE;
				MTL_FAST_MATH = YES;
				ONLY_ACTIVE_ARCH = YES;
				SDKROOT = iphoneos;
				SWIFT_ACTIVE_COMPILATION_CONDITIONS = DEBUG;
				SWIFT_OPTIMIZATION_LEVEL = "-Onone";
				SWIFT_VERSION = 5.0;
			};
			name = Debug;
		};
		1803E91C2293E40600F1DF77 /* Release */ = {
			isa = XCBuildConfiguration;
			buildSettings = {
				ALWAYS_SEARCH_USER_PATHS = NO;
				CLANG_ANALYZER_NONNULL = YES;
				CLANG_ANALYZER_NUMBER_OBJECT_CONVERSION = YES_AGGRESSIVE;
				CLANG_CXX_LANGUAGE_STANDARD = "gnu++14";
				CLANG_CXX_LIBRARY = "libc++";
				CLANG_ENABLE_MODULES = YES;
				CLANG_ENABLE_OBJC_ARC = YES;
				CLANG_ENABLE_OBJC_WEAK = YES;
				CLANG_WARN_BLOCK_CAPTURE_AUTORELEASING = YES;
				CLANG_WARN_BOOL_CONVERSION = YES;
				CLANG_WARN_COMMA = YES;
				CLANG_WARN_CONSTANT_CONVERSION = YES;
				CLANG_WARN_DEPRECATED_OBJC_IMPLEMENTATIONS = YES;
				CLANG_WARN_DIRECT_OBJC_ISA_USAGE = YES_ERROR;
				CLANG_WARN_DOCUMENTATION_COMMENTS = YES;
				CLANG_WARN_EMPTY_BODY = YES;
				CLANG_WARN_ENUM_CONVERSION = YES;
				CLANG_WARN_INFINITE_RECURSION = YES;
				CLANG_WARN_INT_CONVERSION = YES;
				CLANG_WARN_NON_LITERAL_NULL_CONVERSION = YES;
				CLANG_WARN_OBJC_IMPLICIT_RETAIN_SELF = YES;
				CLANG_WARN_OBJC_LITERAL_CONVERSION = YES;
				CLANG_WARN_OBJC_ROOT_CLASS = YES_ERROR;
				CLANG_WARN_RANGE_LOOP_ANALYSIS = YES;
				CLANG_WARN_STRICT_PROTOTYPES = YES;
				CLANG_WARN_SUSPICIOUS_MOVE = YES;
				CLANG_WARN_UNGUARDED_AVAILABILITY = YES_AGGRESSIVE;
				CLANG_WARN_UNREACHABLE_CODE = YES;
				CLANG_WARN__DUPLICATE_METHOD_MATCH = YES;
				CODE_SIGN_IDENTITY = "iPhone Developer";
				COPY_PHASE_STRIP = NO;
				DEBUG_INFORMATION_FORMAT = "dwarf-with-dsym";
				ENABLE_NS_ASSERTIONS = NO;
				ENABLE_STRICT_OBJC_MSGSEND = YES;
				GCC_C_LANGUAGE_STANDARD = gnu11;
				GCC_NO_COMMON_BLOCKS = YES;
				GCC_WARN_64_TO_32_BIT_CONVERSION = YES;
				GCC_WARN_ABOUT_RETURN_TYPE = YES_ERROR;
				GCC_WARN_UNDECLARED_SELECTOR = YES;
				GCC_WARN_UNINITIALIZED_AUTOS = YES_AGGRESSIVE;
				GCC_WARN_UNUSED_FUNCTION = YES;
				GCC_WARN_UNUSED_VARIABLE = YES;
				IPHONEOS_DEPLOYMENT_TARGET = 9.0;
				MTL_ENABLE_DEBUG_INFO = NO;
				MTL_FAST_MATH = YES;
				SDKROOT = iphoneos;
				SWIFT_COMPILATION_MODE = wholemodule;
				SWIFT_OPTIMIZATION_LEVEL = "-O";
				SWIFT_VERSION = 5.0;
				VALIDATE_PRODUCT = YES;
			};
			name = Release;
		};
		1803E91E2293E40600F1DF77 /* Debug */ = {
			isa = XCBuildConfiguration;
			baseConfigurationReference = 7BC0276049A549EAC5E0AF0A /* Pods-YogaFlexBoxKit.debug.xcconfig */;
			buildSettings = {
				ASSETCATALOG_COMPILER_APPICON_NAME = AppIcon;
				CLANG_ENABLE_MODULES = YES;
				CODE_SIGN_STYLE = Automatic;
				DEVELOPMENT_TEAM = 553C2VE52E;
				INFOPLIST_FILE = YogaFlexBoxKit/Info.plist;
				LD_RUNPATH_SEARCH_PATHS = (
					"$(inherited)",
					"@executable_path/Frameworks",
				);
				PRODUCT_BUNDLE_IDENTIFIER = com.zjade.YogaFlexBoxKit;
				PRODUCT_NAME = "$(TARGET_NAME)";
				SWIFT_OBJC_BRIDGING_HEADER = "YogaFlexBoxKit/YogaFlexBoxKit-Bridging-Header.h";
				SWIFT_OPTIMIZATION_LEVEL = "-Onone";
				SWIFT_VERSION = 5.0;
				TARGETED_DEVICE_FAMILY = "1,2";
			};
			name = Debug;
		};
		1803E91F2293E40600F1DF77 /* Release */ = {
			isa = XCBuildConfiguration;
			baseConfigurationReference = EDA01FF3F1DF0535FA910D31 /* Pods-YogaFlexBoxKit.release.xcconfig */;
			buildSettings = {
				ASSETCATALOG_COMPILER_APPICON_NAME = AppIcon;
				CLANG_ENABLE_MODULES = YES;
				CODE_SIGN_STYLE = Automatic;
				DEVELOPMENT_TEAM = 553C2VE52E;
				INFOPLIST_FILE = YogaFlexBoxKit/Info.plist;
				LD_RUNPATH_SEARCH_PATHS = (
					"$(inherited)",
					"@executable_path/Frameworks",
				);
				PRODUCT_BUNDLE_IDENTIFIER = com.zjade.YogaFlexBoxKit;
				PRODUCT_NAME = "$(TARGET_NAME)";
				SWIFT_OBJC_BRIDGING_HEADER = "YogaFlexBoxKit/YogaFlexBoxKit-Bridging-Header.h";
				SWIFT_OPTIMIZATION_LEVEL = "-O";
				SWIFT_VERSION = 5.0;
				TARGETED_DEVICE_FAMILY = "1,2";
			};
			name = Release;
		};
		1803E9212293E40600F1DF77 /* Debug */ = {
			isa = XCBuildConfiguration;
			buildSettings = {
				ALWAYS_EMBED_SWIFT_STANDARD_LIBRARIES = YES;
				BUNDLE_LOADER = "$(TEST_HOST)";
				CODE_SIGN_STYLE = Automatic;
				INFOPLIST_FILE = YogaFlexBoxKitTests/Info.plist;
				LD_RUNPATH_SEARCH_PATHS = (
					"$(inherited)",
					"@executable_path/Frameworks",
					"@loader_path/Frameworks",
				);
				PRODUCT_BUNDLE_IDENTIFIER = com.zjade.YogaFlexBoxKitTests;
				PRODUCT_NAME = "$(TARGET_NAME)";
				SWIFT_VERSION = 5.0;
				TARGETED_DEVICE_FAMILY = "1,2";
				TEST_HOST = "$(BUILT_PRODUCTS_DIR)/YogaFlexBoxKit.app/YogaFlexBoxKit";
			};
			name = Debug;
		};
		1803E9222293E40600F1DF77 /* Release */ = {
			isa = XCBuildConfiguration;
			buildSettings = {
				ALWAYS_EMBED_SWIFT_STANDARD_LIBRARIES = YES;
				BUNDLE_LOADER = "$(TEST_HOST)";
				CODE_SIGN_STYLE = Automatic;
				INFOPLIST_FILE = YogaFlexBoxKitTests/Info.plist;
				LD_RUNPATH_SEARCH_PATHS = (
					"$(inherited)",
					"@executable_path/Frameworks",
					"@loader_path/Frameworks",
				);
				PRODUCT_BUNDLE_IDENTIFIER = com.zjade.YogaFlexBoxKitTests;
				PRODUCT_NAME = "$(TARGET_NAME)";
				SWIFT_VERSION = 5.0;
				TARGETED_DEVICE_FAMILY = "1,2";
				TEST_HOST = "$(BUILT_PRODUCTS_DIR)/YogaFlexBoxKit.app/YogaFlexBoxKit";
			};
			name = Release;
		};
		1803E9242293E40600F1DF77 /* Debug */ = {
			isa = XCBuildConfiguration;
			buildSettings = {
				ALWAYS_EMBED_SWIFT_STANDARD_LIBRARIES = YES;
				CODE_SIGN_STYLE = Automatic;
				INFOPLIST_FILE = YogaFlexBoxKitUITests/Info.plist;
				LD_RUNPATH_SEARCH_PATHS = (
					"$(inherited)",
					"@executable_path/Frameworks",
					"@loader_path/Frameworks",
				);
				PRODUCT_BUNDLE_IDENTIFIER = com.zjade.YogaFlexBoxKitUITests;
				PRODUCT_NAME = "$(TARGET_NAME)";
				SWIFT_VERSION = 5.0;
				TARGETED_DEVICE_FAMILY = "1,2";
				TEST_TARGET_NAME = YogaFlexBoxKit;
			};
			name = Debug;
		};
		1803E9252293E40600F1DF77 /* Release */ = {
			isa = XCBuildConfiguration;
			buildSettings = {
				ALWAYS_EMBED_SWIFT_STANDARD_LIBRARIES = YES;
				CODE_SIGN_STYLE = Automatic;
				INFOPLIST_FILE = YogaFlexBoxKitUITests/Info.plist;
				LD_RUNPATH_SEARCH_PATHS = (
					"$(inherited)",
					"@executable_path/Frameworks",
					"@loader_path/Frameworks",
				);
				PRODUCT_BUNDLE_IDENTIFIER = com.zjade.YogaFlexBoxKitUITests;
				PRODUCT_NAME = "$(TARGET_NAME)";
				SWIFT_VERSION = 5.0;
				TARGETED_DEVICE_FAMILY = "1,2";
				TEST_TARGET_NAME = YogaFlexBoxKit;
			};
			name = Release;
		};
/* End XCBuildConfiguration section */

/* Begin XCConfigurationList section */
		1803E8F02293E40400F1DF77 /* Build configuration list for PBXProject "YogaFlexBoxKit" */ = {
			isa = XCConfigurationList;
			buildConfigurations = (
				1803E91B2293E40600F1DF77 /* Debug */,
				1803E91C2293E40600F1DF77 /* Release */,
			);
			defaultConfigurationIsVisible = 0;
			defaultConfigurationName = Release;
		};
		1803E91D2293E40600F1DF77 /* Build configuration list for PBXNativeTarget "YogaFlexBoxKit" */ = {
			isa = XCConfigurationList;
			buildConfigurations = (
				1803E91E2293E40600F1DF77 /* Debug */,
				1803E91F2293E40600F1DF77 /* Release */,
			);
			defaultConfigurationIsVisible = 0;
			defaultConfigurationName = Release;
		};
		1803E9202293E40600F1DF77 /* Build configuration list for PBXNativeTarget "YogaFlexBoxKitTests" */ = {
			isa = XCConfigurationList;
			buildConfigurations = (
				1803E9212293E40600F1DF77 /* Debug */,
				1803E9222293E40600F1DF77 /* Release */,
			);
			defaultConfigurationIsVisible = 0;
			defaultConfigurationName = Release;
		};
		1803E9232293E40600F1DF77 /* Build configuration list for PBXNativeTarget "YogaFlexBoxKitUITests" */ = {
			isa = XCConfigurationList;
			buildConfigurations = (
				1803E9242293E40600F1DF77 /* Debug */,
				1803E9252293E40600F1DF77 /* Release */,
			);
			defaultConfigurationIsVisible = 0;
			defaultConfigurationName = Release;
		};
/* End XCConfigurationList section */
	};
	rootObject = 1803E8ED2293E40400F1DF77 /* Project object */;
}
